
Microsoft Visual Studio Solution File, Format Version 12.00
# Visual Studio 15
VisualStudioVersion = 15.0.28307.136
MinimumVisualStudioVersion = 10.0.40219.1
Project("{FAE04EC0-301F-11D3-BF4B-00C04F79EFBC}") = "Project - Website", "Project - Website\Project - Website.csproj", "{9D496BAF-BB9E-4D6C-8264-7F278CB4CB59}"
EndProject
Global
	GlobalSection(SolutionConfigurationPlatforms) = preSolution
		Debug|Any CPU = Debug|Any CPU
		Release|Any CPU = Release|Any CPU
	EndGlobalSection
	GlobalSection(ProjectConfigurationPlatforms) = postSolution
		{9D496BAF-BB9E-4D6C-8264-7F278CB4CB59}.Debug|Any CPU.ActiveCfg = Debug|Any CPU
		{9D496BAF-BB9E-4D6C-8264-7F278CB4CB59}.Debug|Any CPU.Build.0 = Debug|Any CPU
		{9D496BAF-BB9E-4D6C-8264-7F278CB4CB59}.Release|Any CPU.ActiveCfg = Release|Any CPU
		{9D496BAF-BB9E-4D6C-8264-7F278CB4CB59}.Release|Any CPU.Build.0 = Release|Any CPU
	EndGlobalSection
	GlobalSection(SolutionProperties) = preSolution
		HideSolutionNode = FALSE
	EndGlobalSection
	GlobalSection(ExtensibilityGlobals) = postSolution
		SolutionGuid = {7FE05183-C463-48F2-8FCB-A8F574DCBF12}
	EndGlobalSection
EndGlobal
